
Microsoft Visual Studio Solution File, Format Version 12.00
# Visual Studio Version 17
VisualStudioVersion = 17.11.35222.181
MinimumVisualStudioVersion = 10.0.40219.1
Project("{FAE04EC0-301F-11D3-BF4B-00C04F79EFBC}") = "Laba3_3", "Laba3_3\Laba3_3.csproj", "{DC850570-4356-43C0-B32D-AD07F72EB938}"
EndProject
Global
	GlobalSection(SolutionConfigurationPlatforms) = preSolution
		Debug|Any CPU = Debug|Any CPU
		Release|Any CPU = Release|Any CPU
	EndGlobalSection
	GlobalSection(ProjectConfigurationPlatforms) = postSolution
		{DC850570-4356-43C0-B32D-AD07F72EB938}.Debug|Any CPU.ActiveCfg = Debug|Any CPU
		{DC850570-4356-43C0-B32D-AD07F72EB938}.Debug|Any CPU.Build.0 = Debug|Any CPU
		{DC850570-4356-43C0-B32D-AD07F72EB938}.Release|Any CPU.ActiveCfg = Release|Any CPU
		{DC850570-4356-43C0-B32D-AD07F72EB938}.Release|Any CPU.Build.0 = Release|Any CPU
	EndGlobalSection
	GlobalSection(SolutionProperties) = preSolution
		HideSolutionNode = FALSE
	EndGlobalSection
	GlobalSection(ExtensibilityGlobals) = postSolution
		SolutionGuid = {AE17B4FF-5AF5-4FCC-BC1C-1A4D3F4205A2}
	EndGlobalSection
EndGlobal
